// !$*UTF8*$!
{
	archiveVersion = 1;
	classes = {
	};
	objectVersion = 46;
	objects = {

/* Begin PBXBuildFile section */
		42447D7A193F6C9D0077B4B2 /* BBBackgroundView.m in Sources */ = {isa = PBXBuildFile; fileRef = 42447D79193F6C9D0077B4B2 /* BBBackgroundView.m */; };
		42447D7D19407DA00077B4B2 /* BBSearchObjectView.m in Sources */ = {isa = PBXBuildFile; fileRef = 42447D7C19407DA00077B4B2 /* BBSearchObjectView.m */; };
		42447D821940935E0077B4B2 /* gear-black.png in Resources */ = {isa = PBXBuildFile; fileRef = 42447D7F1940935E0077B4B2 /* gear-black.png */; };
		42447D831940935E0077B4B2 /* search-black.png in Resources */ = {isa = PBXBuildFile; fileRef = 42447D801940935E0077B4B2 /* search-black.png */; };
		42663058193CC1FA00C0DD31 /* BBYosemiteInterface.xib in Resources */ = {isa = PBXBuildFile; fileRef = 42663057193CC1FA00C0DD31 /* BBYosemiteInterface.xib */; };
		CD3B1BE2285F2E8C004862D7 /* search-white.png in Resources */ = {isa = PBXBuildFile; fileRef = CD3B1BE0285F2E8C004862D7 /* search-white.png */; };
		CD3B1BE3285F2E8C004862D7 /* gear-white.png in Resources */ = {isa = PBXBuildFile; fileRef = CD3B1BE1285F2E8C004862D7 /* gear-white.png */; };
		CD3B1BE5285F2F83004862D7 /* BBYosemitePrefs.xib in Resources */ = {isa = PBXBuildFile; fileRef = CD3B1BE4285F2F83004862D7 /* BBYosemitePrefs.xib */; };
		CD3B1BE8285F33EA004862D7 /* BBYosemitePrefs.m in Sources */ = {isa = PBXBuildFile; fileRef = CD3B1BE7285F33EA004862D7 /* BBYosemitePrefs.m */; };
		E470B7E31709F3A0000169F2 /* Cocoa.framework in Frameworks */ = {isa = PBXBuildFile; fileRef = E470B7E21709F3A0000169F2 /* Cocoa.framework */; };
		E470B7E91709F3A0000169F2 /* InfoPlist.strings in Resources */ = {isa = PBXBuildFile; fileRef = E470B7E71709F3A0000169F2 /* InfoPlist.strings */; };
		E470B7F81709F3A0000169F2 /* BBYosemiteInterface.m in Sources */ = {isa = PBXBuildFile; fileRef = E470B7F71709F3A0000169F2 /* BBYosemiteInterface.m */; };
/* End PBXBuildFile section */

/* Begin PBXFileReference section */
		42447D78193F6C9D0077B4B2 /* BBBackgroundView.h */ = {isa = PBXFileReference; fileEncoding = 4; lastKnownFileType = sourcecode.c.h; path = BBBackgroundView.h; sourceTree = "<group>"; };
		42447D79193F6C9D0077B4B2 /* BBBackgroundView.m */ = {isa = PBXFileReference; fileEncoding = 4; lastKnownFileType = sourcecode.c.objc; path = BBBackgroundView.m; sourceTree = "<group>"; };
		42447D7B19407DA00077B4B2 /* BBSearchObjectView.h */ = {isa = PBXFileReference; fileEncoding = 4; lastKnownFileType = sourcecode.c.h; path = BBSearchObjectView.h; sourceTree = "<group>"; };
		42447D7C19407DA00077B4B2 /* BBSearchObjectView.m */ = {isa = PBXFileReference; fileEncoding = 4; lastKnownFileType = sourcecode.c.objc; path = BBSearchObjectView.m; sourceTree = "<group>"; };
		42447D7F1940935E0077B4B2 /* gear-black.png */ = {isa = PBXFileReference; lastKnownFileType = image.png; path = "gear-black.png"; sourceTree = "<group>"; };
		42447D801940935E0077B4B2 /* search-black.png */ = {isa = PBXFileReference; lastKnownFileType = image.png; path = "search-black.png"; sourceTree = "<group>"; };
		42663057193CC1FA00C0DD31 /* BBYosemiteInterface.xib */ = {isa = PBXFileReference; fileEncoding = 4; lastKnownFileType = file.xib; path = BBYosemiteInterface.xib; sourceTree = "<group>"; };
		CD3B1BE0285F2E8C004862D7 /* search-white.png */ = {isa = PBXFileReference; lastKnownFileType = image.png; path = "search-white.png"; sourceTree = "<group>"; };
		CD3B1BE1285F2E8C004862D7 /* gear-white.png */ = {isa = PBXFileReference; lastKnownFileType = image.png; path = "gear-white.png"; sourceTree = "<group>"; };
		CD3B1BE4285F2F83004862D7 /* BBYosemitePrefs.xib */ = {isa = PBXFileReference; lastKnownFileType = file.xib; path = BBYosemitePrefs.xib; sourceTree = "<group>"; };
		CD3B1BE6285F33EA004862D7 /* BBYosemitePrefs.h */ = {isa = PBXFileReference; lastKnownFileType = sourcecode.c.h; path = BBYosemitePrefs.h; sourceTree = "<group>"; };
		CD3B1BE7285F33EA004862D7 /* BBYosemitePrefs.m */ = {isa = PBXFileReference; lastKnownFileType = sourcecode.c.objc; path = BBYosemitePrefs.m; sourceTree = "<group>"; };
		E470B7DF1709F3A0000169F2 /* Yosemite.qsplugin */ = {isa = PBXFileReference; explicitFileType = wrapper.cfbundle; includeInIndex = 0; path = Yosemite.qsplugin; sourceTree = BUILT_PRODUCTS_DIR; };
		E470B7E21709F3A0000169F2 /* Cocoa.framework */ = {isa = PBXFileReference; lastKnownFileType = wrapper.framework; name = Cocoa.framework; path = System/Library/Frameworks/Cocoa.framework; sourceTree = SDKROOT; };
		E470B7E61709F3A0000169F2 /* Info.plist */ = {isa = PBXFileReference; lastKnownFileType = text.plist.xml; path = Info.plist; sourceTree = SOURCE_ROOT; };
		E470B7E81709F3A0000169F2 /* en */ = {isa = PBXFileReference; lastKnownFileType = text.plist.strings; name = en; path = en.lproj/InfoPlist.strings; sourceTree = "<group>"; };
		E470B7EB1709F3A0000169F2 /* Common.xcconfig */ = {isa = PBXFileReference; lastKnownFileType = text.xcconfig; path = Common.xcconfig; sourceTree = "<group>"; };
		E470B7EC1709F3A0000169F2 /* Debug.xcconfig */ = {isa = PBXFileReference; lastKnownFileType = text.xcconfig; path = Debug.xcconfig; sourceTree = "<group>"; };
		E470B7ED1709F3A0000169F2 /* Developer.xcconfig */ = {isa = PBXFileReference; lastKnownFileType = text.xcconfig; path = Developer.xcconfig; sourceTree = "<group>"; };
		E470B7EE1709F3A0000169F2 /* QSPlugIn.xcconfig */ = {isa = PBXFileReference; lastKnownFileType = text.xcconfig; path = QSPlugIn.xcconfig; sourceTree = "<group>"; };
		E470B7EF1709F3A0000169F2 /* Quicksilver.pch */ = {isa = PBXFileReference; lastKnownFileType = sourcecode.c.h; path = Quicksilver.pch; sourceTree = "<group>"; };
		E470B7F01709F3A0000169F2 /* Release.xcconfig */ = {isa = PBXFileReference; lastKnownFileType = text.xcconfig; path = Release.xcconfig; sourceTree = "<group>"; };
		E470B7F61709F3A0000169F2 /* BBYosemiteInterface.h */ = {isa = PBXFileReference; lastKnownFileType = sourcecode.c.h; path = BBYosemiteInterface.h; sourceTree = "<group>"; };
		E470B7F71709F3A0000169F2 /* BBYosemiteInterface.m */ = {isa = PBXFileReference; lastKnownFileType = sourcecode.c.objc; path = BBYosemiteInterface.m; sourceTree = "<group>"; };
/* End PBXFileReference section */

/* Begin PBXFrameworksBuildPhase section */
		E470B7DC1709F3A0000169F2 /* Frameworks */ = {
			isa = PBXFrameworksBuildPhase;
			buildActionMask = 2147483647;
			files = (
				E470B7E31709F3A0000169F2 /* Cocoa.framework in Frameworks */,
			);
			runOnlyForDeploymentPostprocessing = 0;
		};
/* End PBXFrameworksBuildPhase section */

/* Begin PBXGroup section */
		E470B7D51709F3A0000169F2 = {
			isa = PBXGroup;
			children = (
				E470B7E11709F3A0000169F2 /* Frameworks */,
				E470B7E01709F3A0000169F2 /* Products */,
				E470B7E41709F3A0000169F2 /* Yosemite */,
			);
			sourceTree = "<group>";
		};
		E470B7E01709F3A0000169F2 /* Products */ = {
			isa = PBXGroup;
			children = (
				E470B7DF1709F3A0000169F2 /* Yosemite.qsplugin */,
			);
			name = Products;
			sourceTree = "<group>";
		};
		E470B7E11709F3A0000169F2 /* Frameworks */ = {
			isa = PBXGroup;
			children = (
				E470B7E21709F3A0000169F2 /* Cocoa.framework */,
			);
			name = Frameworks;
			sourceTree = "<group>";
		};
		E470B7E41709F3A0000169F2 /* Yosemite */ = {
			isa = PBXGroup;
			children = (
				E470B7EA1709F3A0000169F2 /* Configuration */,
				E470B7E51709F3A0000169F2 /* Supporting Files */,
				42447D78193F6C9D0077B4B2 /* BBBackgroundView.h */,
				42447D79193F6C9D0077B4B2 /* BBBackgroundView.m */,
				42447D7B19407DA00077B4B2 /* BBSearchObjectView.h */,
				42447D7C19407DA00077B4B2 /* BBSearchObjectView.m */,
				E470B7F61709F3A0000169F2 /* BBYosemiteInterface.h */,
				E470B7F71709F3A0000169F2 /* BBYosemiteInterface.m */,
				CD3B1BE4285F2F83004862D7 /* BBYosemitePrefs.xib */,
				CD3B1BE6285F33EA004862D7 /* BBYosemitePrefs.h */,
				CD3B1BE7285F33EA004862D7 /* BBYosemitePrefs.m */,
				42663057193CC1FA00C0DD31 /* BBYosemiteInterface.xib */,
				CD3B1BE1285F2E8C004862D7 /* gear-white.png */,
				CD3B1BE0285F2E8C004862D7 /* search-white.png */,
				42447D7F1940935E0077B4B2 /* gear-black.png */,
				42447D801940935E0077B4B2 /* search-black.png */,
			);
			path = Yosemite;
			sourceTree = "<group>";
		};
		E470B7E51709F3A0000169F2 /* Supporting Files */ = {
			isa = PBXGroup;
			children = (
				E470B7E61709F3A0000169F2 /* Info.plist */,
				E470B7E71709F3A0000169F2 /* InfoPlist.strings */,
			);
			name = "Supporting Files";
			sourceTree = "<group>";
		};
		E470B7EA1709F3A0000169F2 /* Configuration */ = {
			isa = PBXGroup;
			children = (
				E470B7EB1709F3A0000169F2 /* Common.xcconfig */,
				E470B7EC1709F3A0000169F2 /* Debug.xcconfig */,
				E470B7ED1709F3A0000169F2 /* Developer.xcconfig */,
				E470B7EE1709F3A0000169F2 /* QSPlugIn.xcconfig */,
				E470B7EF1709F3A0000169F2 /* Quicksilver.pch */,
				E470B7F01709F3A0000169F2 /* Release.xcconfig */,
			);
			name = Configuration;
			path = /private/tmp/QS/Configuration;
			sourceTree = "<absolute>";
		};
/* End PBXGroup section */

/* Begin PBXNativeTarget section */
		E470B7DE1709F3A0000169F2 /* Yosemite */ = {
			isa = PBXNativeTarget;
			buildConfigurationList = E470B7FB1709F3A0000169F2 /* Build configuration list for PBXNativeTarget "Yosemite" */;
			buildPhases = (
				E470B7DA1709F3A0000169F2 /* ShellScript */,
				E470B7DB1709F3A0000169F2 /* Sources */,
				E470B7DC1709F3A0000169F2 /* Frameworks */,
				E470B7DD1709F3A0000169F2 /* Resources */,
			);
			buildRules = (
			);
			dependencies = (
			);
			name = Yosemite;
			productName = SquareBezel;
			productReference = E470B7DF1709F3A0000169F2 /* Yosemite.qsplugin */;
			productType = "com.apple.product-type.bundle";
		};
/* End PBXNativeTarget section */

/* Begin PBXProject section */
		E470B7D61709F3A0000169F2 /* Project object */ = {
			isa = PBXProject;
			attributes = {
				LastUpgradeCheck = 1120;
				ORGANIZATIONNAME = BRNBW;
				TargetAttributes = {
					E470B7DE1709F3A0000169F2 = {
						ProvisioningStyle = Manual;
					};
				};
			};
			buildConfigurationList = E470B7D91709F3A0000169F2 /* Build configuration list for PBXProject "Yosemite" */;
			compatibilityVersion = "Xcode 3.2";
			developmentRegion = English;
			hasScannedForEncodings = 0;
			knownRegions = (
				English,
				en,
			);
			mainGroup = E470B7D51709F3A0000169F2;
			productRefGroup = E470B7E01709F3A0000169F2 /* Products */;
			projectDirPath = "";
			projectRoot = "";
			targets = (
				E470B7DE1709F3A0000169F2 /* Yosemite */,
			);
		};
/* End PBXProject section */

/* Begin PBXResourcesBuildPhase section */
		E470B7DD1709F3A0000169F2 /* Resources */ = {
			isa = PBXResourcesBuildPhase;
			buildActionMask = 2147483647;
			files = (
				CD3B1BE3285F2E8C004862D7 /* gear-white.png in Resources */,
				42663058193CC1FA00C0DD31 /* BBYosemiteInterface.xib in Resources */,
				E470B7E91709F3A0000169F2 /* InfoPlist.strings in Resources */,
				CD3B1BE2285F2E8C004862D7 /* search-white.png in Resources */,
				42447D821940935E0077B4B2 /* gear-black.png in Resources */,
				CD3B1BE5285F2F83004862D7 /* BBYosemitePrefs.xib in Resources */,
				42447D831940935E0077B4B2 /* search-black.png in Resources */,
			);
			runOnlyForDeploymentPostprocessing = 0;
		};
/* End PBXResourcesBuildPhase section */

/* Begin PBXShellScriptBuildPhase section */
		E470B7DA1709F3A0000169F2 /* ShellScript */ = {
			isa = PBXShellScriptBuildPhase;
			buildActionMask = 2147483647;
			files = (
			);
			inputPaths = (
			);
			outputPaths = (
			);
			runOnlyForDeploymentPostprocessing = 1;
			shellPath = /bin/sh;
			shellScript = "\"$QS_BUILD_ROOT/Tools/bltrversion\"";
		};
/* End PBXShellScriptBuildPhase section */

/* Begin PBXSourcesBuildPhase section */
		E470B7DB1709F3A0000169F2 /* Sources */ = {
			isa = PBXSourcesBuildPhase;
			buildActionMask = 2147483647;
			files = (
				42447D7A193F6C9D0077B4B2 /* BBBackgroundView.m in Sources */,
				42447D7D19407DA00077B4B2 /* BBSearchObjectView.m in Sources */,
				E470B7F81709F3A0000169F2 /* BBYosemiteInterface.m in Sources */,
				CD3B1BE8285F33EA004862D7 /* BBYosemitePrefs.m in Sources */,
			);
			runOnlyForDeploymentPostprocessing = 0;
		};
/* End PBXSourcesBuildPhase section */

/* Begin PBXVariantGroup section */
		E470B7E71709F3A0000169F2 /* InfoPlist.strings */ = {
			isa = PBXVariantGroup;
			children = (
				E470B7E81709F3A0000169F2 /* en */,
			);
			name = InfoPlist.strings;
			sourceTree = "<group>";
		};
/* End PBXVariantGroup section */

/* Begin XCBuildConfiguration section */
		E470B7F91709F3A0000169F2 /* Debug */ = {
			isa = XCBuildConfiguration;
			baseConfigurationReference = E470B7EC1709F3A0000169F2 /* Debug.xcconfig */;
			buildSettings = {
				CLANG_ANALYZER_LOCALIZABILITY_NONLOCALIZED = YES;
				CLANG_WARN_BLOCK_CAPTURE_AUTORELEASING = YES;
				CLANG_WARN_COMMA = YES;
				CLANG_WARN_DEPRECATED_OBJC_IMPLEMENTATIONS = YES;
				CLANG_WARN_INFINITE_RECURSION = YES;
				CLANG_WARN_NON_LITERAL_NULL_CONVERSION = YES;
				CLANG_WARN_OBJC_IMPLICIT_RETAIN_SELF = YES;
				CLANG_WARN_OBJC_LITERAL_CONVERSION = YES;
				CLANG_WARN_RANGE_LOOP_ANALYSIS = YES;
				CLANG_WARN_STRICT_PROTOTYPES = YES;
				CLANG_WARN_SUSPICIOUS_MOVE = YES;
				CLANG_WARN_UNREACHABLE_CODE = YES;
				ENABLE_STRICT_OBJC_MSGSEND = YES;
				ENABLE_TESTABILITY = YES;
				GCC_NO_COMMON_BLOCKS = YES;
			};
			name = Debug;
		};
		E470B7FA1709F3A0000169F2 /* Release */ = {
			isa = XCBuildConfiguration;
			baseConfigurationReference = E470B7F01709F3A0000169F2 /* Release.xcconfig */;
			buildSettings = {
				CLANG_ANALYZER_LOCALIZABILITY_NONLOCALIZED = YES;
				CLANG_WARN_BLOCK_CAPTURE_AUTORELEASING = YES;
				CLANG_WARN_COMMA = YES;
				CLANG_WARN_DEPRECATED_OBJC_IMPLEMENTATIONS = YES;
				CLANG_WARN_INFINITE_RECURSION = YES;
				CLANG_WARN_NON_LITERAL_NULL_CONVERSION = YES;
				CLANG_WARN_OBJC_IMPLICIT_RETAIN_SELF = YES;
				CLANG_WARN_OBJC_LITERAL_CONVERSION = YES;
				CLANG_WARN_RANGE_LOOP_ANALYSIS = YES;
				CLANG_WARN_STRICT_PROTOTYPES = YES;
				CLANG_WARN_SUSPICIOUS_MOVE = YES;
				CLANG_WARN_UNREACHABLE_CODE = YES;
				ENABLE_STRICT_OBJC_MSGSEND = YES;
				GCC_NO_COMMON_BLOCKS = YES;
			};
			name = Release;
		};
		E470B7FC1709F3A0000169F2 /* Debug */ = {
			isa = XCBuildConfiguration;
			baseConfigurationReference = E470B7EE1709F3A0000169F2 /* QSPlugIn.xcconfig */;
			buildSettings = {
				CLANG_ENABLE_OBJC_WEAK = YES;
				PRODUCT_BUNDLE_IDENTIFIER = "com.brnbw.${PRODUCT_NAME:rfc1034identifier}";
				PRODUCT_NAME = Yosemite;
			};
			name = Debug;
		};
		E470B7FD1709F3A0000169F2 /* Release */ = {
			isa = XCBuildConfiguration;
			baseConfigurationReference = E470B7EE1709F3A0000169F2 /* QSPlugIn.xcconfig */;
			buildSettings = {
				CLANG_ENABLE_OBJC_WEAK = YES;
				PRODUCT_BUNDLE_IDENTIFIER = "com.brnbw.${PRODUCT_NAME:rfc1034identifier}";
				PRODUCT_NAME = Yosemite;
			};
			name = Release;
		};
/* End XCBuildConfiguration section */

/* Begin XCConfigurationList section */
		E470B7D91709F3A0000169F2 /* Build configuration list for PBXProject "Yosemite" */ = {
			isa = XCConfigurationList;
			buildConfigurations = (
				E470B7F91709F3A0000169F2 /* Debug */,
				E470B7FA1709F3A0000169F2 /* Release */,
			);
			defaultConfigurationIsVisible = 0;
			defaultConfigurationName = Release;
		};
		E470B7FB1709F3A0000169F2 /* Build configuration list for PBXNativeTarget "Yosemite" */ = {
			isa = XCConfigurationList;
			buildConfigurations = (
				E470B7FC1709F3A0000169F2 /* Debug */,
				E470B7FD1709F3A0000169F2 /* Release */,
			);
			defaultConfigurationIsVisible = 0;
			defaultConfigurationName = Release;
		};
/* End XCConfigurationList section */
	};
	rootObject = E470B7D61709F3A0000169F2 /* Project object */;
}
